// !$*UTF8*$!
{
	archiveVersion = 1;
	classes = {
	};
	objectVersion = 48;
	objects = {

/* Begin PBXBuildFile section */
		4402569898380955249D081F /* Pods_TestSocialMediaLogin.framework in Frameworks */ = {isa = PBXBuildFile; fileRef = CDE7709114ED7E2DF0686C77 /* Pods_TestSocialMediaLogin.framework */; };
		753B4352203A321300AF7054 /* GoogleService-Info.plist in Resources */ = {isa = PBXBuildFile; fileRef = 753B4351203A321300AF7054 /* GoogleService-Info.plist */; };
		7585EC1020278C2D009B757E /* AppDelegate.swift in Sources */ = {isa = PBXBuildFile; fileRef = 7585EC0F20278C2D009B757E /* AppDelegate.swift */; };
		7585EC1220278C2D009B757E /* ViewController.swift in Sources */ = {isa = PBXBuildFile; fileRef = 7585EC1120278C2D009B757E /* ViewController.swift */; };
		7585EC1520278C2D009B757E /* Main.storyboard in Resources */ = {isa = PBXBuildFile; fileRef = 7585EC1320278C2D009B757E /* Main.storyboard */; };
		7585EC1720278C2D009B757E /* Assets.xcassets in Resources */ = {isa = PBXBuildFile; fileRef = 7585EC1620278C2D009B757E /* Assets.xcassets */; };
		7585EC1A20278C2D009B757E /* LaunchScreen.storyboard in Resources */ = {isa = PBXBuildFile; fileRef = 7585EC1820278C2D009B757E /* LaunchScreen.storyboard */; };
		7585EC2220278C78009B757E /* Constants.swift in Sources */ = {isa = PBXBuildFile; fileRef = 7585EC2120278C78009B757E /* Constants.swift */; };
/* End PBXBuildFile section */

/* Begin PBXFileReference section */
		0B8D58832DA9DBAB9D0814FC /* Pods-TestSocialMediaLogin.release.xcconfig */ = {isa = PBXFileReference; includeInIndex = 1; lastKnownFileType = text.xcconfig; name = "Pods-TestSocialMediaLogin.release.xcconfig"; path = "Pods/Target Support Files/Pods-TestSocialMediaLogin/Pods-TestSocialMediaLogin.release.xcconfig"; sourceTree = "<group>"; };
		753B4351203A321300AF7054 /* GoogleService-Info.plist */ = {isa = PBXFileReference; fileEncoding = 4; lastKnownFileType = text.plist.xml; name = "GoogleService-Info.plist"; path = "../../../Downloads/GoogleService-Info.plist"; sourceTree = "<group>"; };
		7585EC0C20278C2D009B757E /* TestSocialMediaLogin.app */ = {isa = PBXFileReference; explicitFileType = wrapper.application; includeInIndex = 0; path = TestSocialMediaLogin.app; sourceTree = BUILT_PRODUCTS_DIR; };
		7585EC0F20278C2D009B757E /* AppDelegate.swift */ = {isa = PBXFileReference; lastKnownFileType = sourcecode.swift; path = AppDelegate.swift; sourceTree = "<group>"; };
		7585EC1120278C2D009B757E /* ViewController.swift */ = {isa = PBXFileReference; lastKnownFileType = sourcecode.swift; path = ViewController.swift; sourceTree = "<group>"; };
		7585EC1420278C2D009B757E /* Base */ = {isa = PBXFileReference; lastKnownFileType = file.storyboard; name = Base; path = Base.lproj/Main.storyboard; sourceTree = "<group>"; };
		7585EC1620278C2D009B757E /* Assets.xcassets */ = {isa = PBXFileReference; lastKnownFileType = folder.assetcatalog; path = Assets.xcassets; sourceTree = "<group>"; };
		7585EC1920278C2D009B757E /* Base */ = {isa = PBXFileReference; lastKnownFileType = file.storyboard; name = Base; path = Base.lproj/LaunchScreen.storyboard; sourceTree = "<group>"; };
		7585EC1B20278C2D009B757E /* Info.plist */ = {isa = PBXFileReference; lastKnownFileType = text.plist.xml; path = Info.plist; sourceTree = "<group>"; };
		7585EC2120278C78009B757E /* Constants.swift */ = {isa = PBXFileReference; lastKnownFileType = sourcecode.swift; path = Constants.swift; sourceTree = "<group>"; };
		75A5FF38203BD39B00B879EB /* TestSocialMediaLogin-Bridging-Header.h */ = {isa = PBXFileReference; lastKnownFileType = sourcecode.c.h; path = "TestSocialMediaLogin-Bridging-Header.h"; sourceTree = "<group>"; };
		CDE7709114ED7E2DF0686C77 /* Pods_TestSocialMediaLogin.framework */ = {isa = PBXFileReference; explicitFileType = wrapper.framework; includeInIndex = 0; path = Pods_TestSocialMediaLogin.framework; sourceTree = BUILT_PRODUCTS_DIR; };
		EC03082558BFD480AE85F103 /* Pods-TestSocialMediaLogin.debug.xcconfig */ = {isa = PBXFileReference; includeInIndex = 1; lastKnownFileType = text.xcconfig; name = "Pods-TestSocialMediaLogin.debug.xcconfig"; path = "Pods/Target Support Files/Pods-TestSocialMediaLogin/Pods-TestSocialMediaLogin.debug.xcconfig"; sourceTree = "<group>"; };
/* End PBXFileReference section */

/* Begin PBXFrameworksBuildPhase section */
		7585EC0920278C2D009B757E /* Frameworks */ = {
			isa = PBXFrameworksBuildPhase;
			buildActionMask = 2147483647;
			files = (
				4402569898380955249D081F /* Pods_TestSocialMediaLogin.framework in Frameworks */,
			);
			runOnlyForDeploymentPostprocessing = 0;
		};
/* End PBXFrameworksBuildPhase section */

/* Begin PBXGroup section */
		7585EC0320278C2D009B757E = {
			isa = PBXGroup;
			children = (
				7585EC0E20278C2D009B757E /* TestSocialMediaLogin */,
				7585EC0D20278C2D009B757E /* Products */,
				A437715493CE87CDA99B2F7D /* Pods */,
				F28C758812E3933CDA766813 /* Frameworks */,
			);
			sourceTree = "<group>";
		};
		7585EC0D20278C2D009B757E /* Products */ = {
			isa = PBXGroup;
			children = (
				7585EC0C20278C2D009B757E /* TestSocialMediaLogin.app */,
			);
			name = Products;
			sourceTree = "<group>";
		};
		7585EC0E20278C2D009B757E /* TestSocialMediaLogin */ = {
			isa = PBXGroup;
			children = (
				753B4351203A321300AF7054 /* GoogleService-Info.plist */,
				7585EC0F20278C2D009B757E /* AppDelegate.swift */,
				75A5FF38203BD39B00B879EB /* TestSocialMediaLogin-Bridging-Header.h */,
				7585EC1120278C2D009B757E /* ViewController.swift */,
				7585EC1320278C2D009B757E /* Main.storyboard */,
				7585EC2120278C78009B757E /* Constants.swift */,
				7585EC1620278C2D009B757E /* Assets.xcassets */,
				7585EC1820278C2D009B757E /* LaunchScreen.storyboard */,
				7585EC1B20278C2D009B757E /* Info.plist */,
			);
			path = TestSocialMediaLogin;
			sourceTree = "<group>";
		};
		A437715493CE87CDA99B2F7D /* Pods */ = {
			isa = PBXGroup;
			children = (
				EC03082558BFD480AE85F103 /* Pods-TestSocialMediaLogin.debug.xcconfig */,
				0B8D58832DA9DBAB9D0814FC /* Pods-TestSocialMediaLogin.release.xcconfig */,
			);
			name = Pods;
			sourceTree = "<group>";
		};
		F28C758812E3933CDA766813 /* Frameworks */ = {
			isa = PBXGroup;
			children = (
				CDE7709114ED7E2DF0686C77 /* Pods_TestSocialMediaLogin.framework */,
			);
			name = Frameworks;
			sourceTree = "<group>";
		};
/* End PBXGroup section */

/* Begin PBXNativeTarget section */
		7585EC0B20278C2D009B757E /* TestSocialMediaLogin */ = {
			isa = PBXNativeTarget;
			buildConfigurationList = 7585EC1E20278C2D009B757E /* Build configuration list for PBXNativeTarget "TestSocialMediaLogin" */;
			buildPhases = (
				7A5195480181E28D3E9C4659 /* [CP] Check Pods Manifest.lock */,
				7585EC0820278C2D009B757E /* Sources */,
				7585EC0920278C2D009B757E /* Frameworks */,
				7585EC0A20278C2D009B757E /* Resources */,
				18F9E04102A1CEE116CE0E40 /* [CP] Embed Pods Frameworks */,
				B1C03130BE7966020BDCB5CC /* [CP] Copy Pods Resources */,
			);
			buildRules = (
			);
			dependencies = (
			);
			name = TestSocialMediaLogin;
			productName = TestSocialMediaLogin;
			productReference = 7585EC0C20278C2D009B757E /* TestSocialMediaLogin.app */;
			productType = "com.apple.product-type.application";
		};
/* End PBXNativeTarget section */

/* Begin PBXProject section */
		7585EC0420278C2D009B757E /* Project object */ = {
			isa = PBXProject;
			attributes = {
				LastSwiftUpdateCheck = 0920;
				LastUpgradeCheck = 0920;
				ORGANIZATIONNAME = "Ashish Keshan";
				TargetAttributes = {
					7585EC0B20278C2D009B757E = {
						CreatedOnToolsVersion = 9.2;
						ProvisioningStyle = Automatic;
					};
				};
			};
			buildConfigurationList = 7585EC0720278C2D009B757E /* Build configuration list for PBXProject "TestSocialMediaLogin" */;
			compatibilityVersion = "Xcode 8.0";
			developmentRegion = en;
			hasScannedForEncodings = 0;
			knownRegions = (
				en,
				Base,
			);
			mainGroup = 7585EC0320278C2D009B757E;
			productRefGroup = 7585EC0D20278C2D009B757E /* Products */;
			projectDirPath = "";
			projectRoot = "";
			targets = (
				7585EC0B20278C2D009B757E /* TestSocialMediaLogin */,
			);
		};
/* End PBXProject section */

/* Begin PBXResourcesBuildPhase section */
		7585EC0A20278C2D009B757E /* Resources */ = {
			isa = PBXResourcesBuildPhase;
			buildActionMask = 2147483647;
			files = (
				7585EC1A20278C2D009B757E /* LaunchScreen.storyboard in Resources */,
				753B4352203A321300AF7054 /* GoogleService-Info.plist in Resources */,
				7585EC1720278C2D009B757E /* Assets.xcassets in Resources */,
				7585EC1520278C2D009B757E /* Main.storyboard in Resources */,
			);
			runOnlyForDeploymentPostprocessing = 0;
		};
/* End PBXResourcesBuildPhase section */

/* Begin PBXShellScriptBuildPhase section */
		18F9E04102A1CEE116CE0E40 /* [CP] Embed Pods Frameworks */ = {
			isa = PBXShellScriptBuildPhase;
			buildActionMask = 2147483647;
			files = (
			);
			inputPaths = (
				"${SRCROOT}/Pods/Target Support Files/Pods-TestSocialMediaLogin/Pods-TestSocialMediaLogin-frameworks.sh",
				"${BUILT_PRODUCTS_DIR}/Bolts/Bolts.framework",
				"${BUILT_PRODUCTS_DIR}/FBSDKCoreKit/FBSDKCoreKit.framework",
				"${BUILT_PRODUCTS_DIR}/FBSDKLoginKit/FBSDKLoginKit.framework",
				"${BUILT_PRODUCTS_DIR}/FacebookCore/FacebookCore.framework",
				"${BUILT_PRODUCTS_DIR}/FacebookLogin/FacebookLogin.framework",
				"${BUILT_PRODUCTS_DIR}/GTMOAuth2/GTMOAuth2.framework",
				"${BUILT_PRODUCTS_DIR}/GTMSessionFetcher/GTMSessionFetcher.framework",
				"${BUILT_PRODUCTS_DIR}/GoogleToolboxForMac/GoogleToolboxForMac.framework",
				"${BUILT_PRODUCTS_DIR}/SwiftyJSON/SwiftyJSON.framework",
				"${PODS_ROOT}/TwitterCore/iOS/TwitterCore.framework",
				"${PODS_ROOT}/TwitterKit/iOS/TwitterKit.framework",
			);
			name = "[CP] Embed Pods Frameworks";
			outputPaths = (
				"${TARGET_BUILD_DIR}/${FRAMEWORKS_FOLDER_PATH}/Bolts.framework",
				"${TARGET_BUILD_DIR}/${FRAMEWORKS_FOLDER_PATH}/FBSDKCoreKit.framework",
				"${TARGET_BUILD_DIR}/${FRAMEWORKS_FOLDER_PATH}/FBSDKLoginKit.framework",
				"${TARGET_BUILD_DIR}/${FRAMEWORKS_FOLDER_PATH}/FacebookCore.framework",
				"${TARGET_BUILD_DIR}/${FRAMEWORKS_FOLDER_PATH}/FacebookLogin.framework",
				"${TARGET_BUILD_DIR}/${FRAMEWORKS_FOLDER_PATH}/GTMOAuth2.framework",
				"${TARGET_BUILD_DIR}/${FRAMEWORKS_FOLDER_PATH}/GTMSessionFetcher.framework",
				"${TARGET_BUILD_DIR}/${FRAMEWORKS_FOLDER_PATH}/GoogleToolboxForMac.framework",
				"${TARGET_BUILD_DIR}/${FRAMEWORKS_FOLDER_PATH}/SwiftyJSON.framework",
				"${TARGET_BUILD_DIR}/${FRAMEWORKS_FOLDER_PATH}/TwitterCore.framework",
				"${TARGET_BUILD_DIR}/${FRAMEWORKS_FOLDER_PATH}/TwitterKit.framework",
			);
			runOnlyForDeploymentPostprocessing = 0;
			shellPath = /bin/sh;
			shellScript = "\"${SRCROOT}/Pods/Target Support Files/Pods-TestSocialMediaLogin/Pods-TestSocialMediaLogin-frameworks.sh\"\n";
			showEnvVarsInLog = 0;
		};
		7A5195480181E28D3E9C4659 /* [CP] Check Pods Manifest.lock */ = {
			isa = PBXShellScriptBuildPhase;
			buildActionMask = 2147483647;
			files = (
			);
			inputPaths = (
				"${PODS_PODFILE_DIR_PATH}/Podfile.lock",
				"${PODS_ROOT}/Manifest.lock",
			);
			name = "[CP] Check Pods Manifest.lock";
			outputPaths = (
				"$(DERIVED_FILE_DIR)/Pods-TestSocialMediaLogin-checkManifestLockResult.txt",
			);
			runOnlyForDeploymentPostprocessing = 0;
			shellPath = /bin/sh;
			shellScript = "diff \"${PODS_PODFILE_DIR_PATH}/Podfile.lock\" \"${PODS_ROOT}/Manifest.lock\" > /dev/null\nif [ $? != 0 ] ; then\n    # print error to STDERR\n    echo \"error: The sandbox is not in sync with the Podfile.lock. Run 'pod install' or update your CocoaPods installation.\" >&2\n    exit 1\nfi\n# This output is used by Xcode 'outputs' to avoid re-running this script phase.\necho \"SUCCESS\" > \"${SCRIPT_OUTPUT_FILE_0}\"\n";
			showEnvVarsInLog = 0;
		};
		B1C03130BE7966020BDCB5CC /* [CP] Copy Pods Resources */ = {
			isa = PBXShellScriptBuildPhase;
			buildActionMask = 2147483647;
			files = (
			);
			inputPaths = (
				"${SRCROOT}/Pods/Target Support Files/Pods-TestSocialMediaLogin/Pods-TestSocialMediaLogin-resources.sh",
				"${PODS_ROOT}/GoogleSignIn/Resources/GoogleSignIn.bundle",
				"${PODS_ROOT}/TwitterKit/iOS/TwitterKit.framework/TwitterKitResources.bundle",
				"${PODS_ROOT}/TwitterKit/iOS/TwitterKit.framework/TwitterShareExtensionUIResources.bundle",
			);
			name = "[CP] Copy Pods Resources";
			outputPaths = (
				"${TARGET_BUILD_DIR}/${UNLOCALIZED_RESOURCES_FOLDER_PATH}/GoogleSignIn.bundle",
				"${TARGET_BUILD_DIR}/${UNLOCALIZED_RESOURCES_FOLDER_PATH}/TwitterKitResources.bundle",
				"${TARGET_BUILD_DIR}/${UNLOCALIZED_RESOURCES_FOLDER_PATH}/TwitterShareExtensionUIResources.bundle",
			);
			runOnlyForDeploymentPostprocessing = 0;
			shellPath = /bin/sh;
			shellScript = "\"${SRCROOT}/Pods/Target Support Files/Pods-TestSocialMediaLogin/Pods-TestSocialMediaLogin-resources.sh\"\n";
			showEnvVarsInLog = 0;
		};
/* End PBXShellScriptBuildPhase section */

/* Begin PBXSourcesBuildPhase section */
		7585EC0820278C2D009B757E /* Sources */ = {
			isa = PBXSourcesBuildPhase;
			buildActionMask = 2147483647;
			files = (
				7585EC1220278C2D009B757E /* ViewController.swift in Sources */,
				7585EC1020278C2D009B757E /* AppDelegate.swift in Sources */,
				7585EC2220278C78009B757E /* Constants.swift in Sources */,
			);
			runOnlyForDeploymentPostprocessing = 0;
		};
/* End PBXSourcesBuildPhase section */

/* Begin PBXVariantGroup section */
		7585EC1320278C2D009B757E /* Main.storyboard */ = {
			isa = PBXVariantGroup;
			children = (
				7585EC1420278C2D009B757E /* Base */,
			);
			name = Main.storyboard;
			sourceTree = "<group>";
		};
		7585EC1820278C2D009B757E /* LaunchScreen.storyboard */ = {
			isa = PBXVariantGroup;
			children = (
				7585EC1920278C2D009B757E /* Base */,
			);
			name = LaunchScreen.storyboard;
			sourceTree = "<group>";
		};
/* End PBXVariantGroup section */

/* Begin XCBuildConfiguration section */
		7585EC1C20278C2D009B757E /* Debug */ = {
			isa = XCBuildConfiguration;
			buildSettings = {
				ALWAYS_SEARCH_USER_PATHS = NO;
				CLANG_ANALYZER_NONNULL = YES;
				CLANG_ANALYZER_NUMBER_OBJECT_CONVERSION = YES_AGGRESSIVE;
				CLANG_CXX_LANGUAGE_STANDARD = "gnu++14";
				CLANG_CXX_LIBRARY = "libc++";
				CLANG_ENABLE_MODULES = YES;
				CLANG_ENABLE_OBJC_ARC = YES;
				CLANG_WARN_BLOCK_CAPTURE_AUTORELEASING = YES;
				CLANG_WARN_BOOL_CONVERSION = YES;
				CLANG_WARN_COMMA = YES;
				CLANG_WARN_CONSTANT_CONVERSION = YES;
				CLANG_WARN_DIRECT_OBJC_ISA_USAGE = YES_ERROR;
				CLANG_WARN_DOCUMENTATION_COMMENTS = YES;
				CLANG_WARN_EMPTY_BODY = YES;
				CLANG_WARN_ENUM_CONVERSION = YES;
				CLANG_WARN_INFINITE_RECURSION = YES;
				CLANG_WARN_INT_CONVERSION = YES;
				CLANG_WARN_NON_LITERAL_NULL_CONVERSION = YES;
				CLANG_WARN_OBJC_LITERAL_CONVERSION = YES;
				CLANG_WARN_OBJC_ROOT_CLASS = YES_ERROR;
				CLANG_WARN_RANGE_LOOP_ANALYSIS = YES;
				CLANG_WARN_STRICT_PROTOTYPES = YES;
				CLANG_WARN_SUSPICIOUS_MOVE = YES;
				CLANG_WARN_UNGUARDED_AVAILABILITY = YES_AGGRESSIVE;
				CLANG_WARN_UNREACHABLE_CODE = YES;
				CLANG_WARN__DUPLICATE_METHOD_MATCH = YES;
				CODE_SIGN_IDENTITY = "iPhone Developer";
				COPY_PHASE_STRIP = NO;
				DEBUG_INFORMATION_FORMAT = dwarf;
				ENABLE_STRICT_OBJC_MSGSEND = YES;
				ENABLE_TESTABILITY = YES;
				GCC_C_LANGUAGE_STANDARD = gnu11;
				GCC_DYNAMIC_NO_PIC = NO;
				GCC_NO_COMMON_BLOCKS = YES;
				GCC_OPTIMIZATION_LEVEL = 0;
				GCC_PREPROCESSOR_DEFINITIONS = (
					"DEBUG=1",
					"$(inherited)",
				);
				GCC_WARN_64_TO_32_BIT_CONVERSION = YES;
				GCC_WARN_ABOUT_RETURN_TYPE = YES_ERROR;
				GCC_WARN_UNDECLARED_SELECTOR = YES;
				GCC_WARN_UNINITIALIZED_AUTOS = YES_AGGRESSIVE;
				GCC_WARN_UNUSED_FUNCTION = YES;
				GCC_WARN_UNUSED_VARIABLE = YES;
				IPHONEOS_DEPLOYMENT_TARGET = 11.2;
				MTL_ENABLE_DEBUG_INFO = YES;
				ONLY_ACTIVE_ARCH = YES;
				SDKROOT = iphoneos;
				SWIFT_ACTIVE_COMPILATION_CONDITIONS = DEBUG;
				SWIFT_OPTIMIZATION_LEVEL = "-Onone";
			};
			name = Debug;
		};
		7585EC1D20278C2D009B757E /* Release */ = {
			isa = XCBuildConfiguration;
			buildSettings = {
				ALWAYS_SEARCH_USER_PATHS = NO;
				CLANG_ANALYZER_NONNULL = YES;
				CLANG_ANALYZER_NUMBER_OBJECT_CONVERSION = YES_AGGRESSIVE;
				CLANG_CXX_LANGUAGE_STANDARD = "gnu++14";
				CLANG_CXX_LIBRARY = "libc++";
				CLANG_ENABLE_MODULES = YES;
				CLANG_ENABLE_OBJC_ARC = YES;
				CLANG_WARN_BLOCK_CAPTURE_AUTORELEASING = YES;
				CLANG_WARN_BOOL_CONVERSION = YES;
				CLANG_WARN_COMMA = YES;
				CLANG_WARN_CONSTANT_CONVERSION = YES;
				CLANG_WARN_DIRECT_OBJC_ISA_USAGE = YES_ERROR;
				CLANG_WARN_DOCUMENTATION_COMMENTS = YES;
				CLANG_WARN_EMPTY_BODY = YES;
				CLANG_WARN_ENUM_CONVERSION = YES;
				CLANG_WARN_INFINITE_RECURSION = YES;
				CLANG_WARN_INT_CONVERSION = YES;
				CLANG_WARN_NON_LITERAL_NULL_CONVERSION = YES;
				CLANG_WARN_OBJC_LITERAL_CONVERSION = YES;
				CLANG_WARN_OBJC_ROOT_CLASS = YES_ERROR;
				CLANG_WARN_RANGE_LOOP_ANALYSIS = YES;
				CLANG_WARN_STRICT_PROTOTYPES = YES;
				CLANG_WARN_SUSPICIOUS_MOVE = YES;
				CLANG_WARN_UNGUARDED_AVAILABILITY = YES_AGGRESSIVE;
				CLANG_WARN_UNREACHABLE_CODE = YES;
				CLANG_WARN__DUPLICATE_METHOD_MATCH = YES;
				CODE_SIGN_IDENTITY = "iPhone Developer";
				COPY_PHASE_STRIP = NO;
				DEBUG_INFORMATION_FORMAT = "dwarf-with-dsym";
				ENABLE_NS_ASSERTIONS = NO;
				ENABLE_STRICT_OBJC_MSGSEND = YES;
				GCC_C_LANGUAGE_STANDARD = gnu11;
				GCC_NO_COMMON_BLOCKS = YES;
				GCC_WARN_64_TO_32_BIT_CONVERSION = YES;
				GCC_WARN_ABOUT_RETURN_TYPE = YES_ERROR;
				GCC_WARN_UNDECLARED_SELECTOR = YES;
				GCC_WARN_UNINITIALIZED_AUTOS = YES_AGGRESSIVE;
				GCC_WARN_UNUSED_FUNCTION = YES;
				GCC_WARN_UNUSED_VARIABLE = YES;
				IPHONEOS_DEPLOYMENT_TARGET = 11.2;
				MTL_ENABLE_DEBUG_INFO = NO;
				SDKROOT = iphoneos;
				SWIFT_OPTIMIZATION_LEVEL = "-Owholemodule";
				VALIDATE_PRODUCT = YES;
			};
			name = Release;
		};
		7585EC1F20278C2D009B757E /* Debug */ = {
			isa = XCBuildConfiguration;
			baseConfigurationReference = EC03082558BFD480AE85F103 /* Pods-TestSocialMediaLogin.debug.xcconfig */;
			buildSettings = {
				ASSETCATALOG_COMPILER_APPICON_NAME = AppIcon;
				CODE_SIGN_STYLE = Automatic;
				DEVELOPMENT_TEAM = 44BCGLCVUS;
				INFOPLIST_FILE = TestSocialMediaLogin/Info.plist;
				LD_RUNPATH_SEARCH_PATHS = "$(inherited) @executable_path/Frameworks";
				NEW_SETTING = "";
				PRODUCT_BUNDLE_IDENTIFIER = com.ashishkeshan.TestSocialMediaLogin;
				PRODUCT_NAME = "$(TARGET_NAME)";
				SWIFT_OBJC_BRIDGING_HEADER = "TestSocialMediaLogin/TestSocialMediaLogin-Bridging-Header.h";
				SWIFT_SWIFT3_OBJC_INFERENCE = Default;
				SWIFT_VERSION = 4.0;
				TARGETED_DEVICE_FAMILY = "1,2";
			};
			name = Debug;
		};
		7585EC2020278C2D009B757E /* Release */ = {
			isa = XCBuildConfiguration;
			baseConfigurationReference = 0B8D58832DA9DBAB9D0814FC /* Pods-TestSocialMediaLogin.release.xcconfig */;
			buildSettings = {
				ASSETCATALOG_COMPILER_APPICON_NAME = AppIcon;
				CODE_SIGN_STYLE = Automatic;
				DEVELOPMENT_TEAM = 44BCGLCVUS;
				INFOPLIST_FILE = TestSocialMediaLogin/Info.plist;
				LD_RUNPATH_SEARCH_PATHS = "$(inherited) @executable_path/Frameworks";
				NEW_SETTING = "";
				PRODUCT_BUNDLE_IDENTIFIER = com.ashishkeshan.TestSocialMediaLogin;
				PRODUCT_NAME = "$(TARGET_NAME)";
				SWIFT_OBJC_BRIDGING_HEADER = "TestSocialMediaLogin/TestSocialMediaLogin-Bridging-Header.h";
				SWIFT_SWIFT3_OBJC_INFERENCE = Default;
				SWIFT_VERSION = 4.0;
				TARGETED_DEVICE_FAMILY = "1,2";
			};
			name = Release;
		};
/* End XCBuildConfiguration section */

/* Begin XCConfigurationList section */
		7585EC0720278C2D009B757E /* Build configuration list for PBXProject "TestSocialMediaLogin" */ = {
			isa = XCConfigurationList;
			buildConfigurations = (
				7585EC1C20278C2D009B757E /* Debug */,
				7585EC1D20278C2D009B757E /* Release */,
			);
			defaultConfigurationIsVisible = 0;
			defaultConfigurationName = Release;
		};
		7585EC1E20278C2D009B757E /* Build configuration list for PBXNativeTarget "TestSocialMediaLogin" */ = {
			isa = XCConfigurationList;
			buildConfigurations = (
				7585EC1F20278C2D009B757E /* Debug */,
				7585EC2020278C2D009B757E /* Release */,
			);
			defaultConfigurationIsVisible = 0;
			defaultConfigurationName = Release;
		};
/* End XCConfigurationList section */
	};
	rootObject = 7585EC0420278C2D009B757E /* Project object */;
}
